# THIS IS AN AUTOGENERATED FILE. DO NOT EDIT THIS FILE DIRECTLY.
# yarn lockfile v1


imageinfo@~1:
  version "1.0.4"
  resolved "https://registry.yarnpkg.com/imageinfo/-/imageinfo-1.0.4.tgz#1dd2456ecb96fc395f0aa1179c467dfb3d5d7a2a"
  integrity sha1-HdJFbsuW/DlfCqEXnEZ9+z1deio=

inherit@^2.2.6:
  version "2.2.7"
  resolved "https://registry.yarnpkg.com/inherit/-/inherit-2.2.7.tgz#4e238e289bc7adddf8ff5053d0f26a2fcda94b9f"
  integrity sha512-dxJmC1j0Q32NFAjvbd6g3lXYLZ49HgzotgbSMwMkoiTXGhC9412Oc24g7A7M9cPPkw/vDsF2cSII+2zJwocUtQ==
